// !$*UTF8*$!
{
	archiveVersion = 1;
	classes = {
	};
	objectVersion = 46;
	objects = {

/* Begin PBXBuildFile section */
		B54954171D45BCC300517274 /* main.m in Sources */ = {isa = PBXBuildFile; fileRef = B54954161D45BCC300517274 /* main.m */; };
		B549541A1D45BCC300517274 /* AppDelegate.m in Sources */ = {isa = PBXBuildFile; fileRef = B54954191D45BCC300517274 /* AppDelegate.m */; };
		B549541D1D45BCC300517274 /* ViewController.m in Sources */ = {isa = PBXBuildFile; fileRef = B549541C1D45BCC300517274 /* ViewController.m */; };
		B54954201D45BCC300517274 /* Main.storyboard in Resources */ = {isa = PBXBuildFile; fileRef = B549541E1D45BCC300517274 /* Main.storyboard */; };
		B54954221D45BCC300517274 /* Assets.xcassets in Resources */ = {isa = PBXBuildFile; fileRef = B54954211D45BCC300517274 /* Assets.xcassets */; };
		B54954251D45BCC300517274 /* LaunchScreen.storyboard in Resources */ = {isa = PBXBuildFile; fileRef = B54954231D45BCC300517274 /* LaunchScreen.storyboard */; };
		B54954301D45BCC300517274 /* _____Tests.m in Sources */ = {isa = PBXBuildFile; fileRef = B549542F1D45BCC300517274 /* _____Tests.m */; };
		B549543B1D45BCC300517274 /* _____UITests.m in Sources */ = {isa = PBXBuildFile; fileRef = B549543A1D45BCC300517274 /* _____UITests.m */; };
		B549544A1D45E0DC00517274 /* UIImage+QRCodeGenerator.m in Sources */ = {isa = PBXBuildFile; fileRef = B54954491D45E0DC00517274 /* UIImage+QRCodeGenerator.m */; };
/* End PBXBuildFile section */

/* Begin PBXContainerItemProxy section */
		B549542C1D45BCC300517274 /* PBXContainerItemProxy */ = {
			isa = PBXContainerItemProxy;
			containerPortal = B549540A1D45BCC300517274 /* Project object */;
			proxyType = 1;
			remoteGlobalIDString = B54954111D45BCC300517274;
			remoteInfo = "生成二维码";
		};
		B54954371D45BCC300517274 /* PBXContainerItemProxy */ = {
			isa = PBXContainerItemProxy;
			containerPortal = B549540A1D45BCC300517274 /* Project object */;
			proxyType = 1;
			remoteGlobalIDString = B54954111D45BCC300517274;
			remoteInfo = "生成二维码";
		};
/* End PBXContainerItemProxy section */

/* Begin PBXFileReference section */
		B54954121D45BCC300517274 /* 生成二维码.app */ = {isa = PBXFileReference; explicitFileType = wrapper.application; includeInIndex = 0; path = "生成二维码.app"; sourceTree = BUILT_PRODUCTS_DIR; };
		B54954161D45BCC300517274 /* main.m */ = {isa = PBXFileReference; lastKnownFileType = sourcecode.c.objc; path = main.m; sourceTree = "<group>"; };
		B54954181D45BCC300517274 /* AppDelegate.h */ = {isa = PBXFileReference; lastKnownFileType = sourcecode.c.h; path = AppDelegate.h; sourceTree = "<group>"; };
		B54954191D45BCC300517274 /* AppDelegate.m */ = {isa = PBXFileReference; lastKnownFileType = sourcecode.c.objc; path = AppDelegate.m; sourceTree = "<group>"; };
		B549541B1D45BCC300517274 /* ViewController.h */ = {isa = PBXFileReference; lastKnownFileType = sourcecode.c.h; path = ViewController.h; sourceTree = "<group>"; };
		B549541C1D45BCC300517274 /* ViewController.m */ = {isa = PBXFileReference; lastKnownFileType = sourcecode.c.objc; path = ViewController.m; sourceTree = "<group>"; };
		B549541F1D45BCC300517274 /* Base */ = {isa = PBXFileReference; lastKnownFileType = file.storyboard; name = Base; path = Base.lproj/Main.storyboard; sourceTree = "<group>"; };
		B54954211D45BCC300517274 /* Assets.xcassets */ = {isa = PBXFileReference; lastKnownFileType = folder.assetcatalog; path = Assets.xcassets; sourceTree = "<group>"; };
		B54954241D45BCC300517274 /* Base */ = {isa = PBXFileReference; lastKnownFileType = file.storyboard; name = Base; path = Base.lproj/LaunchScreen.storyboard; sourceTree = "<group>"; };
		B54954261D45BCC300517274 /* Info.plist */ = {isa = PBXFileReference; lastKnownFileType = text.plist.xml; path = Info.plist; sourceTree = "<group>"; };
		B549542B1D45BCC300517274 /* 生成二维码Tests.xctest */ = {isa = PBXFileReference; explicitFileType = wrapper.cfbundle; includeInIndex = 0; path = "生成二维码Tests.xctest"; sourceTree = BUILT_PRODUCTS_DIR; };
		B549542F1D45BCC300517274 /* _____Tests.m */ = {isa = PBXFileReference; lastKnownFileType = sourcecode.c.objc; path = "_____Tests.m"; sourceTree = "<group>"; };
		B54954311D45BCC300517274 /* Info.plist */ = {isa = PBXFileReference; lastKnownFileType = text.plist.xml; path = Info.plist; sourceTree = "<group>"; };
		B54954361D45BCC300517274 /* 生成二维码UITests.xctest */ = {isa = PBXFileReference; explicitFileType = wrapper.cfbundle; includeInIndex = 0; path = "生成二维码UITests.xctest"; sourceTree = BUILT_PRODUCTS_DIR; };
		B549543A1D45BCC300517274 /* _____UITests.m */ = {isa = PBXFileReference; lastKnownFileType = sourcecode.c.objc; path = "_____UITests.m"; sourceTree = "<group>"; };
		B549543C1D45BCC300517274 /* Info.plist */ = {isa = PBXFileReference; lastKnownFileType = text.plist.xml; path = Info.plist; sourceTree = "<group>"; };
		B54954481D45E0DC00517274 /* UIImage+QRCodeGenerator.h */ = {isa = PBXFileReference; fileEncoding = 4; lastKnownFileType = sourcecode.c.h; path = "UIImage+QRCodeGenerator.h"; sourceTree = "<group>"; };
		B54954491D45E0DC00517274 /* UIImage+QRCodeGenerator.m */ = {isa = PBXFileReference; fileEncoding = 4; lastKnownFileType = sourcecode.c.objc; path = "UIImage+QRCodeGenerator.m"; sourceTree = "<group>"; };
/* End PBXFileReference section */

/* Begin PBXFrameworksBuildPhase section */
		B549540F1D45BCC300517274 /* Frameworks */ = {
			isa = PBXFrameworksBuildPhase;
			buildActionMask = 2147483647;
			files = (
			);
			runOnlyForDeploymentPostprocessing = 0;
		};
		B54954281D45BCC300517274 /* Frameworks */ = {
			isa = PBXFrameworksBuildPhase;
			buildActionMask = 2147483647;
			files = (
			);
			runOnlyForDeploymentPostprocessing = 0;
		};
		B54954331D45BCC300517274 /* Frameworks */ = {
			isa = PBXFrameworksBuildPhase;
			buildActionMask = 2147483647;
			files = (
			);
			runOnlyForDeploymentPostprocessing = 0;
		};
/* End PBXFrameworksBuildPhase section */

/* Begin PBXGroup section */
		B54954091D45BCC300517274 = {
			isa = PBXGroup;
			children = (
				B54954141D45BCC300517274 /* 生成二维码 */,
				B549542E1D45BCC300517274 /* 生成二维码Tests */,
				B54954391D45BCC300517274 /* 生成二维码UITests */,
				B54954131D45BCC300517274 /* Products */,
			);
			sourceTree = "<group>";
		};
		B54954131D45BCC300517274 /* Products */ = {
			isa = PBXGroup;
			children = (
				B54954121D45BCC300517274 /* 生成二维码.app */,
				B549542B1D45BCC300517274 /* 生成二维码Tests.xctest */,
				B54954361D45BCC300517274 /* 生成二维码UITests.xctest */,
			);
			name = Products;
			sourceTree = "<group>";
		};
		B54954141D45BCC300517274 /* 生成二维码 */ = {
			isa = PBXGroup;
			children = (
				B54954181D45BCC300517274 /* AppDelegate.h */,
				B54954191D45BCC300517274 /* AppDelegate.m */,
				B549541B1D45BCC300517274 /* ViewController.h */,
				B549541C1D45BCC300517274 /* ViewController.m */,
				B54954481D45E0DC00517274 /* UIImage+QRCodeGenerator.h */,
				B54954491D45E0DC00517274 /* UIImage+QRCodeGenerator.m */,
				B549541E1D45BCC300517274 /* Main.storyboard */,
				B54954211D45BCC300517274 /* Assets.xcassets */,
				B54954231D45BCC300517274 /* LaunchScreen.storyboard */,
				B54954261D45BCC300517274 /* Info.plist */,
				B54954151D45BCC300517274 /* Supporting Files */,
			);
			path = "生成二维码";
			sourceTree = "<group>";
		};
		B54954151D45BCC300517274 /* Supporting Files */ = {
			isa = PBXGroup;
			children = (
				B54954161D45BCC300517274 /* main.m */,
			);
			name = "Supporting Files";
			sourceTree = "<group>";
		};
		B549542E1D45BCC300517274 /* 生成二维码Tests */ = {
			isa = PBXGroup;
			children = (
				B549542F1D45BCC300517274 /* _____Tests.m */,
				B54954311D45BCC300517274 /* Info.plist */,
			);
			path = "生成二维码Tests";
			sourceTree = "<group>";
		};
		B54954391D45BCC300517274 /* 生成二维码UITests */ = {
			isa = PBXGroup;
			children = (
				B549543A1D45BCC300517274 /* _____UITests.m */,
				B549543C1D45BCC300517274 /* Info.plist */,
			);
			path = "生成二维码UITests";
			sourceTree = "<group>";
		};
/* End PBXGroup section */

/* Begin PBXNativeTarget section */
		B54954111D45BCC300517274 /* 生成二维码 */ = {
			isa = PBXNativeTarget;
			buildConfigurationList = B549543F1D45BCC300517274 /* Build configuration list for PBXNativeTarget "生成二维码" */;
			buildPhases = (
				B549540E1D45BCC300517274 /* Sources */,
				B549540F1D45BCC300517274 /* Frameworks */,
				B54954101D45BCC300517274 /* Resources */,
			);
			buildRules = (
			);
			dependencies = (
			);
			name = "生成二维码";
			productName = "生成二维码";
			productReference = B54954121D45BCC300517274 /* 生成二维码.app */;
			productType = "com.apple.product-type.application";
		};
		B549542A1D45BCC300517274 /* 生成二维码Tests */ = {
			isa = PBXNativeTarget;
			buildConfigurationList = B54954421D45BCC300517274 /* Build configuration list for PBXNativeTarget "生成二维码Tests" */;
			buildPhases = (
				B54954271D45BCC300517274 /* Sources */,
				B54954281D45BCC300517274 /* Frameworks */,
				B54954291D45BCC300517274 /* Resources */,
			);
			buildRules = (
			);
			dependencies = (
				B549542D1D45BCC300517274 /* PBXTargetDependency */,
			);
			name = "生成二维码Tests";
			productName = "生成二维码Tests";
			productReference = B549542B1D45BCC300517274 /* 生成二维码Tests.xctest */;
			productType = "com.apple.product-type.bundle.unit-test";
		};
		B54954351D45BCC300517274 /* 生成二维码UITests */ = {
			isa = PBXNativeTarget;
			buildConfigurationList = B54954451D45BCC300517274 /* Build configuration list for PBXNativeTarget "生成二维码UITests" */;
			buildPhases = (
				B54954321D45BCC300517274 /* Sources */,
				B54954331D45BCC300517274 /* Frameworks */,
				B54954341D45BCC300517274 /* Resources */,
			);
			buildRules = (
			);
			dependencies = (
				B54954381D45BCC300517274 /* PBXTargetDependency */,
			);
			name = "生成二维码UITests";
			productName = "生成二维码UITests";
			productReference = B54954361D45BCC300517274 /* 生成二维码UITests.xctest */;
			productType = "com.apple.product-type.bundle.ui-testing";
		};
/* End PBXNativeTarget section */

/* Begin PBXProject section */
		B549540A1D45BCC300517274 /* Project object */ = {
			isa = PBXProject;
			attributes = {
				LastUpgradeCheck = 0710;
				ORGANIZATIONNAME = AlexanderYe;
				TargetAttributes = {
					B54954111D45BCC300517274 = {
						CreatedOnToolsVersion = 7.1;
						DevelopmentTeam = 7DC4XMJV5E;
					};
					B549542A1D45BCC300517274 = {
						CreatedOnToolsVersion = 7.1;
						DevelopmentTeam = 7DC4XMJV5E;
						TestTargetID = B54954111D45BCC300517274;
					};
					B54954351D45BCC300517274 = {
						CreatedOnToolsVersion = 7.1;
						DevelopmentTeam = 7DC4XMJV5E;
						TestTargetID = B54954111D45BCC300517274;
					};
				};
			};
			buildConfigurationList = B549540D1D45BCC300517274 /* Build configuration list for PBXProject "生成二维码" */;
			compatibilityVersion = "Xcode 3.2";
			developmentRegion = English;
			hasScannedForEncodings = 0;
			knownRegions = (
				en,
				Base,
			);
			mainGroup = B54954091D45BCC300517274;
			productRefGroup = B54954131D45BCC300517274 /* Products */;
			projectDirPath = "";
			projectRoot = "";
			targets = (
				B54954111D45BCC300517274 /* 生成二维码 */,
				B549542A1D45BCC300517274 /* 生成二维码Tests */,
				B54954351D45BCC300517274 /* 生成二维码UITests */,
			);
		};
/* End PBXProject section */

/* Begin PBXResourcesBuildPhase section */
		B54954101D45BCC300517274 /* Resources */ = {
			isa = PBXResourcesBuildPhase;
			buildActionMask = 2147483647;
			files = (
				B54954251D45BCC300517274 /* LaunchScreen.storyboard in Resources */,
				B54954221D45BCC300517274 /* Assets.xcassets in Resources */,
				B54954201D45BCC300517274 /* Main.storyboard in Resources */,
			);
			runOnlyForDeploymentPostprocessing = 0;
		};
		B54954291D45BCC300517274 /* Resources */ = {
			isa = PBXResourcesBuildPhase;
			buildActionMask = 2147483647;
			files = (
			);
			runOnlyForDeploymentPostprocessing = 0;
		};
		B54954341D45BCC300517274 /* Resources */ = {
			isa = PBXResourcesBuildPhase;
			buildActionMask = 2147483647;
			files = (
			);
			runOnlyForDeploymentPostprocessing = 0;
		};
/* End PBXResourcesBuildPhase section */

/* Begin PBXSourcesBuildPhase section */
		B549540E1D45BCC300517274 /* Sources */ = {
			isa = PBXSourcesBuildPhase;
			buildActionMask = 2147483647;
			files = (
				B549541D1D45BCC300517274 /* ViewController.m in Sources */,
				B549544A1D45E0DC00517274 /* UIImage+QRCodeGenerator.m in Sources */,
				B549541A1D45BCC300517274 /* AppDelegate.m in Sources */,
				B54954171D45BCC300517274 /* main.m in Sources */,
			);
			runOnlyForDeploymentPostprocessing = 0;
		};
		B54954271D45BCC300517274 /* Sources */ = {
			isa = PBXSourcesBuildPhase;
			buildActionMask = 2147483647;
			files = (
				B54954301D45BCC300517274 /* _____Tests.m in Sources */,
			);
			runOnlyForDeploymentPostprocessing = 0;
		};
		B54954321D45BCC300517274 /* Sources */ = {
			isa = PBXSourcesBuildPhase;
			buildActionMask = 2147483647;
			files = (
				B549543B1D45BCC300517274 /* _____UITests.m in Sources */,
			);
			runOnlyForDeploymentPostprocessing = 0;
		};
/* End PBXSourcesBuildPhase section */

/* Begin PBXTargetDependency section */
		B549542D1D45BCC300517274 /* PBXTargetDependency */ = {
			isa = PBXTargetDependency;
			target = B54954111D45BCC300517274 /* 生成二维码 */;
			targetProxy = B549542C1D45BCC300517274 /* PBXContainerItemProxy */;
		};
		B54954381D45BCC300517274 /* PBXTargetDependency */ = {
			isa = PBXTargetDependency;
			target = B54954111D45BCC300517274 /* 生成二维码 */;
			targetProxy = B54954371D45BCC300517274 /* PBXContainerItemProxy */;
		};
/* End PBXTargetDependency section */

/* Begin PBXVariantGroup section */
		B549541E1D45BCC300517274 /* Main.storyboard */ = {
			isa = PBXVariantGroup;
			children = (
				B549541F1D45BCC300517274 /* Base */,
			);
			name = Main.storyboard;
			sourceTree = "<group>";
		};
		B54954231D45BCC300517274 /* LaunchScreen.storyboard */ = {
			isa = PBXVariantGroup;
			children = (
				B54954241D45BCC300517274 /* Base */,
			);
			name = LaunchScreen.storyboard;
			sourceTree = "<group>";
		};
/* End PBXVariantGroup section */

/* Begin XCBuildConfiguration section */
		B549543D1D45BCC300517274 /* Debug */ = {
			isa = XCBuildConfiguration;
			buildSettings = {
				ALWAYS_SEARCH_USER_PATHS = NO;
				CLANG_CXX_LANGUAGE_STANDARD = "gnu++0x";
				CLANG_CXX_LIBRARY = "libc++";
				CLANG_ENABLE_MODULES = YES;
				CLANG_ENABLE_OBJC_ARC = YES;
				CLANG_WARN_BOOL_CONVERSION = YES;
				CLANG_WARN_CONSTANT_CONVERSION = YES;
				CLANG_WARN_DIRECT_OBJC_ISA_USAGE = YES_ERROR;
				CLANG_WARN_EMPTY_BODY = YES;
				CLANG_WARN_ENUM_CONVERSION = YES;
				CLANG_WARN_INT_CONVERSION = YES;
				CLANG_WARN_OBJC_ROOT_CLASS = YES_ERROR;
				CLANG_WARN_UNREACHABLE_CODE = YES;
				CLANG_WARN__DUPLICATE_METHOD_MATCH = YES;
				"CODE_SIGN_IDENTITY[sdk=iphoneos*]" = "iPhone Developer";
				COPY_PHASE_STRIP = NO;
				DEBUG_INFORMATION_FORMAT = dwarf;
				ENABLE_STRICT_OBJC_MSGSEND = YES;
				ENABLE_TESTABILITY = YES;
				GCC_C_LANGUAGE_STANDARD = gnu99;
				GCC_DYNAMIC_NO_PIC = NO;
				GCC_NO_COMMON_BLOCKS = YES;
				GCC_OPTIMIZATION_LEVEL = 0;
				GCC_PREPROCESSOR_DEFINITIONS = (
					"DEBUG=1",
					"$(inherited)",
				);
				GCC_WARN_64_TO_32_BIT_CONVERSION = YES;
				GCC_WARN_ABOUT_RETURN_TYPE = YES_ERROR;
				GCC_WARN_UNDECLARED_SELECTOR = YES;
				GCC_WARN_UNINITIALIZED_AUTOS = YES_AGGRESSIVE;
				GCC_WARN_UNUSED_FUNCTION = YES;
				GCC_WARN_UNUSED_VARIABLE = YES;
				IPHONEOS_DEPLOYMENT_TARGET = 9.1;
				MTL_ENABLE_DEBUG_INFO = YES;
				ONLY_ACTIVE_ARCH = YES;
				SDKROOT = iphoneos;
			};
			name = Debug;
		};
		B549543E1D45BCC300517274 /* Release */ = {
			isa = XCBuildConfiguration;
			buildSettings = {
				ALWAYS_SEARCH_USER_PATHS = NO;
				CLANG_CXX_LANGUAGE_STANDARD = "gnu++0x";
				CLANG_CXX_LIBRARY = "libc++";
				CLANG_ENABLE_MODULES = YES;
				CLANG_ENABLE_OBJC_ARC = YES;
				CLANG_WARN_BOOL_CONVERSION = YES;
				CLANG_WARN_CONSTANT_CONVERSION = YES;
				CLANG_WARN_DIRECT_OBJC_ISA_USAGE = YES_ERROR;
				CLANG_WARN_EMPTY_BODY = YES;
				CLANG_WARN_ENUM_CONVERSION = YES;
				CLANG_WARN_INT_CONVERSION = YES;
				CLANG_WARN_OBJC_ROOT_CLASS = YES_ERROR;
				CLANG_WARN_UNREACHABLE_CODE = YES;
				CLANG_WARN__DUPLICATE_METHOD_MATCH = YES;
				"CODE_SIGN_IDENTITY[sdk=iphoneos*]" = "iPhone Developer";
				COPY_PHASE_STRIP = NO;
				DEBUG_INFORMATION_FORMAT = "dwarf-with-dsym";
				ENABLE_NS_ASSERTIONS = NO;
				ENABLE_STRICT_OBJC_MSGSEND = YES;
				GCC_C_LANGUAGE_STANDARD = gnu99;
				GCC_NO_COMMON_BLOCKS = YES;
				GCC_WARN_64_TO_32_BIT_CONVERSION = YES;
				GCC_WARN_ABOUT_RETURN_TYPE = YES_ERROR;
				GCC_WARN_UNDECLARED_SELECTOR = YES;
				GCC_WARN_UNINITIALIZED_AUTOS = YES_AGGRESSIVE;
				GCC_WARN_UNUSED_FUNCTION = YES;
				GCC_WARN_UNUSED_VARIABLE = YES;
				IPHONEOS_DEPLOYMENT_TARGET = 9.1;
				MTL_ENABLE_DEBUG_INFO = NO;
				SDKROOT = iphoneos;
				VALIDATE_PRODUCT = YES;
			};
			name = Release;
		};
		B54954401D45BCC300517274 /* Debug */ = {
			isa = XCBuildConfiguration;
			buildSettings = {
				ASSETCATALOG_COMPILER_APPICON_NAME = AppIcon;
				INFOPLIST_FILE = "生成二维码/Info.plist";
				LD_RUNPATH_SEARCH_PATHS = "$(inherited) @executable_path/Frameworks";
				PRODUCT_BUNDLE_IDENTIFIER = "com.NengDeng.-----";
				PRODUCT_NAME = "$(TARGET_NAME)";
			};
			name = Debug;
		};
		B54954411D45BCC300517274 /* Release */ = {
			isa = XCBuildConfiguration;
			buildSettings = {
				ASSETCATALOG_COMPILER_APPICON_NAME = AppIcon;
				INFOPLIST_FILE = "生成二维码/Info.plist";
				LD_RUNPATH_SEARCH_PATHS = "$(inherited) @executable_path/Frameworks";
				PRODUCT_BUNDLE_IDENTIFIER = "com.NengDeng.-----";
				PRODUCT_NAME = "$(TARGET_NAME)";
			};
			name = Release;
		};
		B54954431D45BCC300517274 /* Debug */ = {
			isa = XCBuildConfiguration;
			buildSettings = {
				BUNDLE_LOADER = "$(TEST_HOST)";
				INFOPLIST_FILE = "生成二维码Tests/Info.plist";
				LD_RUNPATH_SEARCH_PATHS = "$(inherited) @executable_path/Frameworks @loader_path/Frameworks";
				PRODUCT_BUNDLE_IDENTIFIER = "com.NengDeng.-----Tests";
				PRODUCT_NAME = "$(TARGET_NAME)";
				TEST_HOST = "$(BUILT_PRODUCTS_DIR)/生成二维码.app/生成二维码";
			};
			name = Debug;
		};
		B54954441D45BCC300517274 /* Release */ = {
			isa = XCBuildConfiguration;
			buildSettings = {
				BUNDLE_LOADER = "$(TEST_HOST)";
				INFOPLIST_FILE = "生成二维码Tests/Info.plist";
				LD_RUNPATH_SEARCH_PATHS = "$(inherited) @executable_path/Frameworks @loader_path/Frameworks";
				PRODUCT_BUNDLE_IDENTIFIER = "com.NengDeng.-----Tests";
				PRODUCT_NAME = "$(TARGET_NAME)";
				TEST_HOST = "$(BUILT_PRODUCTS_DIR)/生成二维码.app/生成二维码";
			};
			name = Release;
		};
		B54954461D45BCC300517274 /* Debug */ = {
			isa = XCBuildConfiguration;
			buildSettings = {
				INFOPLIST_FILE = "生成二维码UITests/Info.plist";
				LD_RUNPATH_SEARCH_PATHS = "$(inherited) @executable_path/Frameworks @loader_path/Frameworks";
				PRODUCT_BUNDLE_IDENTIFIER = "com.NengDeng.-----UITests";
				PRODUCT_NAME = "$(TARGET_NAME)";
				TEST_TARGET_NAME = "生成二维码";
				USES_XCTRUNNER = YES;
			};
			name = Debug;
		};
		B54954471D45BCC300517274 /* Release */ = {
			isa = XCBuildConfiguration;
			buildSettings = {
				INFOPLIST_FILE = "生成二维码UITests/Info.plist";
				LD_RUNPATH_SEARCH_PATHS = "$(inherited) @executable_path/Frameworks @loader_path/Frameworks";
				PRODUCT_BUNDLE_IDENTIFIER = "com.NengDeng.-----UITests";
				PRODUCT_NAME = "$(TARGET_NAME)";
				TEST_TARGET_NAME = "生成二维码";
				USES_XCTRUNNER = YES;
			};
			name = Release;
		};
/* End XCBuildConfiguration section */

/* Begin XCConfigurationList section */
		B549540D1D45BCC300517274 /* Build configuration list for PBXProject "生成二维码" */ = {
			isa = XCConfigurationList;
			buildConfigurations = (
				B549543D1D45BCC300517274 /* Debug */,
				B549543E1D45BCC300517274 /* Release */,
			);
			defaultConfigurationIsVisible = 0;
			defaultConfigurationName = Release;
		};
		B549543F1D45BCC300517274 /* Build configuration list for PBXNativeTarget "生成二维码" */ = {
			isa = XCConfigurationList;
			buildConfigurations = (
				B54954401D45BCC300517274 /* Debug */,
				B54954411D45BCC300517274 /* Release */,
			);
			defaultConfigurationIsVisible = 0;
			defaultConfigurationName = Release;
		};
		B54954421D45BCC300517274 /* Build configuration list for PBXNativeTarget "生成二维码Tests" */ = {
			isa = XCConfigurationList;
			buildConfigurations = (
				B54954431D45BCC300517274 /* Debug */,
				B54954441D45BCC300517274 /* Release */,
			);
			defaultConfigurationIsVisible = 0;
			defaultConfigurationName = Release;
		};
		B54954451D45BCC300517274 /* Build configuration list for PBXNativeTarget "生成二维码UITests" */ = {
			isa = XCConfigurationList;
			buildConfigurations = (
				B54954461D45BCC300517274 /* Debug */,
				B54954471D45BCC300517274 /* Release */,
			);
			defaultConfigurationIsVisible = 0;
			defaultConfigurationName = Release;
		};
/* End XCConfigurationList section */
	};
	rootObject = B549540A1D45BCC300517274 /* Project object */;
}
